
Microsoft Visual Studio Solution File, Format Version 12.00
# Visual Studio Version 16
VisualStudioVersion = 16.0.30523.141
MinimumVisualStudioVersion = 10.0.40219.1
Project("{FAE04EC0-301F-11D3-BF4B-00C04F79EFBC}") = "Challange1", "Challange1.csproj", "{58DDDFDF-7A88-4260-B523-5410E585EEF0}"
EndProject
Global
	GlobalSection(SolutionConfigurationPlatforms) = preSolution
		Debug|Any CPU = Debug|Any CPU
		Release|Any CPU = Release|Any CPU
	EndGlobalSection
	GlobalSection(ProjectConfigurationPlatforms) = postSolution
		{58DDDFDF-7A88-4260-B523-5410E585EEF0}.Debug|Any CPU.ActiveCfg = Debug|Any CPU
		{58DDDFDF-7A88-4260-B523-5410E585EEF0}.Debug|Any CPU.Build.0 = Debug|Any CPU
		{58DDDFDF-7A88-4260-B523-5410E585EEF0}.Release|Any CPU.ActiveCfg = Release|Any CPU
		{58DDDFDF-7A88-4260-B523-5410E585EEF0}.Release|Any CPU.Build.0 = Release|Any CPU
	EndGlobalSection
	GlobalSection(SolutionProperties) = preSolution
		HideSolutionNode = FALSE
	EndGlobalSection
	GlobalSection(ExtensibilityGlobals) = postSolution
		SolutionGuid = {94AFCE73-41BD-49A4-A26C-B5B77050CDBF}
	EndGlobalSection
EndGlobal
